
Microsoft Visual Studio Solution File, Format Version 12.00
# Visual Studio 15
VisualStudioVersion = 15.0.28307.852
MinimumVisualStudioVersion = 10.0.40219.1
Project("{8BC9CEB8-8B4A-11D0-8D11-00A0C91BC942}") = "Darknet", "Darknet\Darknet.vcxproj", "{8C0AD9C3-6AD3-4BBF-9142-F6739C8D99B8}"
EndProject
Global
	GlobalSection(SolutionConfigurationPlatforms) = preSolution
		Debug|x64 = Debug|x64
		Release|x64 = Release|x64
	EndGlobalSection
	GlobalSection(ProjectConfigurationPlatforms) = postSolution
		{8C0AD9C3-6AD3-4BBF-9142-F6739C8D99B8}.Debug|x64.ActiveCfg = Debug|x64
		{8C0AD9C3-6AD3-4BBF-9142-F6739C8D99B8}.Debug|x64.Build.0 = Debug|x64
		{8C0AD9C3-6AD3-4BBF-9142-F6739C8D99B8}.Release|x64.ActiveCfg = Release|x64
		{8C0AD9C3-6AD3-4BBF-9142-F6739C8D99B8}.Release|x64.Build.0 = Release|x64
	EndGlobalSection
	GlobalSection(SolutionProperties) = preSolution
		HideSolutionNode = FALSE
	EndGlobalSection
	GlobalSection(ExtensibilityGlobals) = postSolution
		SolutionGuid = {D3B54632-14AE-4109-9F40-612391855007}
	EndGlobalSection
EndGlobal
